{
    "_meta": {
        "hash": {
            "sha256": "de89680bc94e760fe9db3760b4bd3d32dd97b807b19e0b008ef56fe24b7dc2ad"
        },
        "pipfile-spec": 6,
        "requires": {
            "python_version": "3.5"
        },
        "sources": [
            {
                "name": "pypi",
                "url": "https://pypi.org/simple",
                "verify_ssl": true
            }
        ]
    },
    "default": {
        "chardet": {
            "hashes": [
                "sha256:aaf514bde38020b4f1e42c6a6e141f2827a8a58ccfc3b22b6ff5a1a4b50be56e",
                "sha256:e53e38b3a4afe6d1132de62b7400a4ac363452dc5dfcf8d88e8e0cce663c68aa"
            ],
            "index": "pypi",
            "version": "==2.3.0"
        },
        "csvfaker": {
            "hashes": [
                "sha256:cb7099a394f00e6f86898d6165751ecb4a226727a231747d20ef3aab070f665d"
            ],
            "index": "pypi",
            "version": "==1.0.5"
        },
        "defusedxml": {
            "hashes": [
                "sha256:1f7e2f6546caba6a52bcd6a6087df60c1cc63cdbc0d9ca3e5d517adcb5823d0c",
                "sha256:cd551d5a518b745407635bb85116eb813818ecaf182e773c35b36239fc3f2478"
            ],
            "index": "pypi",
            "version": "==0.4.1"
        },
        "django": {
            "hashes": [
                "sha256:4d48ab8e84a7c8b2bc4b2f4f199bc3a8bfcc9cbdbc29e355ac5c44a501d73a1a",
                "sha256:e127f12a0bfb34843b6e8c82f91e26fff6445a7ca91d222c0794174cf97cbce1"
            ],
            "index": "pypi",
            "version": "==1.10.2"
        },
        "django-social-auth": {
            "hashes": [
                "sha256:a0141b12de90504128ce31e5dcd25521d32de96e27994993126263aed8a5f672"
            ],
            "index": "pypi",
            "version": "==0.7.28"
        },
        "faker": {
            "hashes": [
                "sha256:21bbb7f7e71c1b7f5d4bb355aec10d46ca0be863bebd1912adb3b10cf35b4a83",
                "sha256:fe855d344c92a34ad8d6e392ac054275f83706b79fb8a135d1ab0744307a148b"
            ],
            "index": "pypi",
            "version": "==0.7.8"
        },
        "html5lib": {
            "hashes": [
                "sha256:b8934484cf22f1db684c0fae27569a0db404d0208d20163fbf51cc537245d008",
                "sha256:ee747c0ffd3028d2722061936b5c65ee4fe13c8e4613519b4447123fc4546298"
            ],
            "index": "pypi",
            "version": "==0.999999999"
        },
        "httplib2": {
            "hashes": [
                "sha256:c3aba1c9539711551f4d83e857b316b5134a1c4ddce98a875b7027be7dd6d988",
                "sha256:fe187f315336c3daa6616d09f327a6e6560b082fce59723f77336329fdcbfc36"
            ],
            "index": "pypi",
            "version": "==0.9.2"
        },
        "lxml": {
            "hashes": [
                "sha256:079f3ae844f38982d156efce585bc540c16a926d4436712cf4baee0cce487a3d",
                "sha256:0fbcf5565ac01dff87cbfc0ff323515c823081c5777a9fc7703ff58388c258c3",
                "sha256:122fba10466c7bd4178b07dba427aa516286b846b2cbd6f6169141917283aae2",
                "sha256:1b7584d421d254ab86d4f0b13ec662a9014397678a7c4265a02a6d7c2b18a75f",
                "sha256:26e761ab5b07adf5f555ee82fb4bfc35bf93750499c6c7614bd64d12aaa67927",
                "sha256:289e9ca1a9287f08daaf796d96e06cb2bc2958891d7911ac7cae1c5f9e1e0ee3",
                "sha256:2a9d50e69aac3ebee695424f7dbd7b8c6d6eb7de2a2eb6b0f6c7db6aa41e02b7",
                "sha256:33bb934a044cf32157c12bfcfbb6649807da20aa92c062ef51903415c704704f",
                "sha256:3439c71103ef0e904ea0a1901611863e51f50b5cd5e8654a151740fde5e1cade",
                "sha256:39b78571b3b30645ac77b95f7c69d1bffc4cf8c3b157c435a34da72e78c82468",
                "sha256:4289728b5e2000a4ad4ab8da6e1db2e093c63c08bdc0414799ee776a3f78da4b",
                "sha256:4bff24dfeea62f2e56f5bab929b4428ae6caba2d1eea0c2d6eb618e30a71e6d4",
                "sha256:542d454665a3e277f76954418124d67516c5f88e51a900365ed54a9806122b83",
                "sha256:5a0a14e264069c03e46f926be0d8919f4105c1623d620e7ec0e612a2e9bf1c04",
                "sha256:66e575c62792c3f9ca47cb8b6fab9e35bab91360c783d1606f758761810c9791",
                "sha256:74f7d8d439b18fa4c385f3f5dfd11144bb87c1da034a466c5b5577d23a1d9b51",
                "sha256:7610b8c31688f0b1be0ef882889817939490a36d0ee880ea562a4e1399c447a1",
                "sha256:76fa7b1362d19f8fbd3e75fe2fb7c79359b0af8747e6f7141c338f0bee2f871a",
                "sha256:7728e05c35412ba36d3e9795ae8995e3c86958179c9770e65558ec3fdfd3724f",
                "sha256:8157dadbb09a34a6bd95a50690595e1fa0af1a99445e2744110e3dca7831c4ee",
                "sha256:820628b7b3135403540202e60551e741f9b6d3304371712521be939470b454ec",
                "sha256:884ab9b29feaca361f7f88d811b1eea9bfca36cf3da27768d28ad45c3ee6f969",
                "sha256:89b8b22a5ff72d89d48d0e62abb14340d9e99fd637d046c27b8b257a01ffbe28",
                "sha256:92e821e43ad382332eade6812e298dc9701c75fe289f2a2d39c7960b43d1e92a",
                "sha256:b007cbb845b28db4fb8b6a5cdcbf65bacb16a8bd328b53cbc0698688a68e1caa",
                "sha256:bc4313cbeb0e7a416a488d72f9680fffffc645f8a838bd2193809881c67dd106",
                "sha256:bccbfc27563652de7dc9bdc595cb25e90b59c5f8e23e806ed0fd623755b6565d",
                "sha256:c4f05c5a7c49d2fb70223d0d5bcfbe474cf928310ac9fa6a7c6dddc831d0b1d4",
                "sha256:ce256aaa50f6cc9a649c51be3cd4ff142d67295bfc4f490c9134d0f9f6d58ef0",
                "sha256:d2e35d7bf1c1ac8c538f88d26b396e73dd81440d59c1ef8522e1ea77b345ede4",
                "sha256:df7c53783a46febb0e70f6b05df2ba104610f2fb0d27023409734a3ecbb78fb2",
                "sha256:efac139c3f0bf4f0939f9375af4b02c5ad83a622de52d6dfa8e438e8e01d0eb0",
                "sha256:efd7a09678fd8b53117f6bae4fa3825e0a22b03ef0a932e070c0bdbb3a35e654",
                "sha256:f2380a6376dfa090227b663f9678150ef27543483055cc327555fb592c5967e2",
                "sha256:f8380c03e45cf09f8557bdaa41e1fa7c81f3ae22828e1db470ab2a6c96d8bc23",
                "sha256:f90ba11136bfdd25cae3951af8da2e95121c9b9b93727b1b896e3fa105b2f586"
            ],
            "index": "pypi",
            "version": "==4.6.3"
        },
        "mako": {
            "hashes": [
                "sha256:fed99dbe4d0ddb27a33ee4910d8708aca9ef1fe854e668387a9ab9a90cbf9059"
            ],
            "index": "pypi",
            "version": "==1.0.4"
        },
        "markupsafe": {
            "hashes": [
                "sha256:a4ec1aff59b95a14b45eb2e23761a0179e98319da5a7eb76b56ea8cdc7b871c3"
            ],
            "index": "pypi",
            "version": "==0.23"
        },
        "oauth2": {
            "hashes": [
                "sha256:15b5c42301f46dd63113f1214b0d81a8b16254f65a86d3c32a1b52297f3266e6",
                "sha256:c006a85e7c60107c7cc6da1b184b5c719f6dd7202098196dfa6e55df669b59bf"
            ],
            "index": "pypi",
            "version": "==1.9.0.post1"
        },
        "oauthlib": {
            "hashes": [
                "sha256:0ad22b4f03fd75ef18d5793e1fed5e2361af5d374009f7722b4af390a0030dfd"
            ],
            "index": "pypi",
            "version": "==2.0.0"
        },
        "pexpect": {
            "hashes": [
                "sha256:3d132465a75b57aa818341c6521392a06cc660feb3988d7f1074f39bd23c9a92",
                "sha256:f853b52afaf3b064d29854771e2db509ef80392509bde2dd7a6ecf2dfc3f0018"
            ],
            "index": "pypi",
            "version": "==4.2.1"
        },
        "pillow": {
            "hashes": [
                "sha256:22010e1f39335e06c55c131f0f378d272e37ab3180df7b9ec067f61ac0f085cc",
                "sha256:2a8686cb692bc4f3be58fbb6829f65e8e09c4c1cdac260f1c545934b3392707a",
                "sha256:367eac53b6b1a25ba6eb658c7bdac477b369a38c9799a75cd2f4fb7418a1b6cc",
                "sha256:3fb9ab75cf18873feca1232daf6cb8287581be0aa8b18cf2f4753f2c6fe6a1d6",
                "sha256:405cf4413160e1add076417be21522b9405c27d5b1015b5fb288d08f0bb2d7ff",
                "sha256:57c2d492339321c74fdda2d7cc36e04b259611c7df71fc26e9880b77a3ae1b28",
                "sha256:58408d597867db4b48c17ee25e11588accdd7c53f133cbaf1ba053470a1d1903",
                "sha256:590ecade57d9d373b9e73816b811b269693fbd231374b9f52d1bdee1c17d9b40",
                "sha256:691d12520d9d82ce4786dbc366a7a0a278bb9229e5be574e083418246f8c9081",
                "sha256:95c6cec336a08b13a97b8097175d0f5701e6db2edd69632fb46b7caeaba2129b",
                "sha256:a39a554db187b473ba422dde17eef380a23655a124558f51b31fbfc30853efca",
                "sha256:a3f2b5d6a4086f5def583b98000e4b4939f3960fc13685d493ef344306a04c2a",
                "sha256:a6a078d0ac663fedf9efdd68d888fbe9fce0b95005e33c18daec41bc79bc6bc6",
                "sha256:abfe44c1bbdc3b5c893dd4fd4abfa88bcab44759b49b86a99eb5f4b0dba80932",
                "sha256:ae416f79225a6857bc280d2615e042f4b83f74fc0bef10aff31803e0a43b8594",
                "sha256:af798bddc19da93ee39f25c96cb67634d7666d81a0e7873f07dd8009288da1dd",
                "sha256:d3b2aeb3b1e2550064419ec9b957a2971d977e43beee2416eeae2bcf3e36b8b5",
                "sha256:d63e6a17536f5b3cf2e854a19f123b60c9ba7bcc547fb4392d19f849f9316c2e",
                "sha256:d884445bd878f45df03c76f538ff95fdece047a5fdc2a49d02c463239cde649e",
                "sha256:e2af4a8c262d7d5876990a7b368f3fe9c63a55738fe9a239fa602a9da40be63e",
                "sha256:ef8b858bcddbc456be1555a324d79d5209242d461882b0b93cd5310d5521a28b",
                "sha256:efae273173ea264e513b2931bdf5a5110cf1ed355e238605957b59ab0dcd9963",
                "sha256:f8b26c0de836c1b4f61ee1ae90f834642b3dab49a4f92961df6859f047a7fae2",
                "sha256:fda8a483d252debf25e1f19be64c1b6042a77d994cdb975d63b8e0e0ae500da1"
            ],
            "index": "pypi",
            "version": "==3.4.1"
        },
        "ptyprocess": {
            "hashes": [
                "sha256:0530ce63a9295bfae7bd06edc02b6aa935619f486f0f1dc0972f516265ee81a6",
                "sha256:464cb76f7a7122743dd25507650db89cd447c51f38e4671602b3eaa2e38e05ae"
            ],
            "index": "pypi",
            "version": "==0.5.1"
        },
        "pyjwt": {
            "hashes": [
                "sha256:87a831b7a3bfa8351511961469ed0462a769724d4da48a501cb8c96d1e17f570",
                "sha256:99fe612dbe5f41e07124d9002c118c14f3ee703574ffa9779fee78135b8b94b6"
            ],
            "index": "pypi",
            "version": "==1.4.2"
        },
        "python-dateutil": {
            "hashes": [
                "sha256:3acbef017340600e9ff8f2994d8f7afd6eacb295383f286466a6df3961e486f0",
                "sha256:537bf2a8f8ce6f6862ad705cd68f9e405c0b5db014aa40fa29eab4335d4b1716",
                "sha256:62a2f8df3d66f878373fd0072eacf4ee52194ba302e00082828e0d263b0418d2"
            ],
            "index": "pypi",
            "version": "==2.6.0"
        },
        "python-openid": {
            "hashes": [
                "sha256:92c51c3ecec846cbec4aeff11f9ff47303d4a63f93b0e6ac0ec02a091fed70ef",
                "sha256:c2d133e47e0a7705c9272eef00d7a09c174f5bf17a127fed8e2c6499556cc782"
            ],
            "index": "pypi",
            "version": "==2.2.5"
        },
        "python-social-auth": {
            "hashes": [
                "sha256:854422799784e0ffb258a8e17cf5f5708d77fa6993b57bd5197e415ad055383f",
                "sha256:990868e5518b16e84361829700aef552185e056a82b2a6a6a9b037279643a112",
                "sha256:c4dd52bf3da4b9c9cfe2b79727d37a2ec6c34b50336fed54aec5811c134d0496"
            ],
            "index": "pypi",
            "version": "==0.2.21"
        },
        "python3-openid": {
            "hashes": [
                "sha256:915d9adcf77b7ae801e377c7732ab3208eaedc4fe99cb2b37f8155b076c6eb1e",
                "sha256:a89c86d10180ada1945e8aa8d92ab95d0a4f3059b7c872e520d661e6dd8076f4"
            ],
            "index": "pypi",
            "version": "==3.0.10"
        },
        "pyxdg": {
            "hashes": [
                "sha256:81e883e0b9517d624e8b0499eb267b82a815c0b7146d5269f364988ae031279d"
            ],
            "index": "pypi",
            "version": "==0.25"
        },
        "requests": {
            "hashes": [
                "sha256:545c4855cd9d7c12671444326337013766f4eea6068c3f0307fb2dc2696d580e",
                "sha256:5acf980358283faba0b897c73959cecf8b841205bb4b2ad3ef545f46eae1a133"
            ],
            "index": "pypi",
            "version": "==2.11.1"
        },
        "requests-oauthlib": {
            "hashes": [
                "sha256:198807c592b75438485c890f0403b1a8e363c86be1a87da687be18991a6850b0",
                "sha256:87e1c05c1b4b4220af0c7ff4e6572ff7fba8032166cb1a12d2e1acd4a5fdaf4f"
            ],
            "index": "pypi",
            "version": "==0.7.0"
        },
        "six": {
            "hashes": [
                "sha256:0ff78c403d9bccf5a425a6d31a12aa6b47f1c21ca4dc2573a7e2f32a97335eb1",
                "sha256:105f8d68616f8248e24bf0e9372ef04d3cc10104f1980f54d57b2ce73a5ad56a"
            ],
            "index": "pypi",
            "version": "==1.10.0"
        },
        "tweepy": {
            "hashes": [
                "sha256:12449b5ca16b0be6a3ea68fb41992627227b48bbad8cd7d5912039340d36badc",
                "sha256:f00ccf5f48c30d559ce0b750dfe3b2df6668dc799d8ce276fd90bfaa68845a58"
            ],
            "index": "pypi",
            "version": "==3.5.0"
        },
        "urllib3": {
            "hashes": [
                "sha256:d30dd4d1cbbc36ebab6e4a2076820cfe0c60f10adf087fecbc5a3edae79fdc81",
                "sha256:ed69856d262a6da3f201b1afed6d61b0c5a364fcc1d20d3f9ff461960c6626bf"
            ],
            "index": "pypi",
            "version": "==1.18"
        },
        "webencodings": {
            "hashes": [
                "sha256:a5c55ee93b24e740fe951c37b5c228dccc1f171450e188555a775261cce1b904"
            ],
            "index": "pypi",
            "version": "==0.5"
        }
    },
    "develop": {}
}
