{
    "_meta": {
        "hash": {
            "sha256": "000695c3829494581d5654262741a61d9aac9161f2eea0e2ddd444dd24e06c16"
        },
        "pipfile-spec": 6,
        "requires": {
            "python_version": "3.5"
        },
        "sources": [
            {
                "name": "pypi",
                "url": "https://pypi.org/simple",
                "verify_ssl": true
            }
        ]
    },
    "default": {
        "chardet": {
            "hashes": [
                "sha256:aaf514bde38020b4f1e42c6a6e141f2827a8a58ccfc3b22b6ff5a1a4b50be56e",
                "sha256:e53e38b3a4afe6d1132de62b7400a4ac363452dc5dfcf8d88e8e0cce663c68aa"
            ],
            "index": "pypi",
            "version": "==2.3.0"
        },
        "csvfaker": {
            "hashes": [
                "sha256:cb7099a394f00e6f86898d6165751ecb4a226727a231747d20ef3aab070f665d"
            ],
            "index": "pypi",
            "version": "==1.0.5"
        },
        "defusedxml": {
            "hashes": [
                "sha256:1f7e2f6546caba6a52bcd6a6087df60c1cc63cdbc0d9ca3e5d517adcb5823d0c",
                "sha256:cd551d5a518b745407635bb85116eb813818ecaf182e773c35b36239fc3f2478"
            ],
            "index": "pypi",
            "version": "==0.4.1"
        },
        "django": {
            "hashes": [
                "sha256:4d48ab8e84a7c8b2bc4b2f4f199bc3a8bfcc9cbdbc29e355ac5c44a501d73a1a",
                "sha256:e127f12a0bfb34843b6e8c82f91e26fff6445a7ca91d222c0794174cf97cbce1"
            ],
            "index": "pypi",
            "version": "==1.10.2"
        },
        "django-social-auth": {
            "hashes": [
                "sha256:a0141b12de90504128ce31e5dcd25521d32de96e27994993126263aed8a5f672"
            ],
            "index": "pypi",
            "version": "==0.7.28"
        },
        "faker": {
            "hashes": [
                "sha256:21bbb7f7e71c1b7f5d4bb355aec10d46ca0be863bebd1912adb3b10cf35b4a83",
                "sha256:fe855d344c92a34ad8d6e392ac054275f83706b79fb8a135d1ab0744307a148b"
            ],
            "index": "pypi",
            "version": "==0.7.8"
        },
        "html5lib": {
            "hashes": [
                "sha256:b8934484cf22f1db684c0fae27569a0db404d0208d20163fbf51cc537245d008",
                "sha256:ee747c0ffd3028d2722061936b5c65ee4fe13c8e4613519b4447123fc4546298"
            ],
            "index": "pypi",
            "version": "==0.999999999"
        },
        "httplib2": {
            "hashes": [
                "sha256:c3aba1c9539711551f4d83e857b316b5134a1c4ddce98a875b7027be7dd6d988",
                "sha256:fe187f315336c3daa6616d09f327a6e6560b082fce59723f77336329fdcbfc36"
            ],
            "index": "pypi",
            "version": "==0.9.2"
        },
        "lxml": {
            "hashes": [
                "sha256:4e9056e9a0a5ac6efef36eb3cb3cf5600bcc86b32ff26288f5db7a7eaaf52272",
                "sha256:61d5d3e00b5821e6cda099b3b4ccfea4527bf7c595e0fb3a7a760490cedd6172",
                "sha256:c77d6fc3cd0a8c96b88d6aacf681bf1c269d7cf124c1f383db00a7859ea5c63c",
                "sha256:dc9fc4d56fb027e82e91b0ef19c1fe4592eca3df4a1fba4874ef9259cdd5ae56",
                "sha256:f18a68de641dbf5dc0c47550edb4829783b797b023ac1760cd16a88fc79ab6ed",
                "sha256:f6847df3f8d5605d1cdf7a130aac141929fcbcf3a19a169da6f88d153228ba02"
            ],
            "index": "pypi",
            "version": "==3.6.4"
        },
        "mako": {
            "hashes": [
                "sha256:fed99dbe4d0ddb27a33ee4910d8708aca9ef1fe854e668387a9ab9a90cbf9059"
            ],
            "index": "pypi",
            "version": "==1.0.4"
        },
        "markupsafe": {
            "hashes": [
                "sha256:a4ec1aff59b95a14b45eb2e23761a0179e98319da5a7eb76b56ea8cdc7b871c3"
            ],
            "index": "pypi",
            "version": "==0.23"
        },
        "oauth2": {
            "hashes": [
                "sha256:15b5c42301f46dd63113f1214b0d81a8b16254f65a86d3c32a1b52297f3266e6",
                "sha256:c006a85e7c60107c7cc6da1b184b5c719f6dd7202098196dfa6e55df669b59bf"
            ],
            "index": "pypi",
            "version": "==1.9.0.post1"
        },
        "oauthlib": {
            "hashes": [
                "sha256:0ad22b4f03fd75ef18d5793e1fed5e2361af5d374009f7722b4af390a0030dfd"
            ],
            "index": "pypi",
            "version": "==2.0.0"
        },
        "pexpect": {
            "hashes": [
                "sha256:3d132465a75b57aa818341c6521392a06cc660feb3988d7f1074f39bd23c9a92",
                "sha256:f853b52afaf3b064d29854771e2db509ef80392509bde2dd7a6ecf2dfc3f0018"
            ],
            "index": "pypi",
            "version": "==4.2.1"
        },
        "pillow": {
            "hashes": [
                "sha256:00fdeb23820f30e43bba78eb9abb00b7a937a655de7760b2e09101d63708b64e",
                "sha256:01f948e8220c85eae1aa1a7f8edddcec193918f933fb07aaebe0bfbbcffefbf1",
                "sha256:08abf39948d4b5017a137be58f1a52b7101700431f0777bec3d897c3949f74e6",
                "sha256:099a61618b145ecb50c6f279666bbc398e189b8bc97544ae32b8fcb49ad6b830",
                "sha256:2c1c61546e73de62747e65807d2cc4980c395d4c5600ecb1f47a650c6fa78c79",
                "sha256:2ed9c4f694861642401f27dc3cb99772be67cd190e84845c749dae0a06c3bfae",
                "sha256:338581b30b908e111be578f0297255f6b57a51358cd16fa0e6f664c9a1f88bff",
                "sha256:38c7d48a21cd06fdeee93987147b9b1c55b73b4cfcbf83240568bfbd5adee447",
                "sha256:43fd026f613c8e48a25eba1a92f4d2ad7f3903c95d8c33a11611a7717d2ab654",
                "sha256:4548236844327a718ce3bb182ab32a16fa2050c61e334e959f554cac052fb0df",
                "sha256:5090857876c58885cfa388dc649e5db30aae98a068c26f3fd0ac9d7d9a4d9572",
                "sha256:5bbba34f97a26a93f5e8dec469ca4ddd712451418add43da946dbaed7f7a98d2",
                "sha256:65a28969a025a0eb4594637b6103201dc4ed2a9508bdab56ac33e43e3081c404",
                "sha256:892bb52b70bd5ea9dbbc3ac44f38e84f5a04e9d8b1bff48159d96cb795b81159",
                "sha256:8a9becd5cbd5062f973bcd2e7bc79483af310222de112b6541f8af1f93a3cc42",
                "sha256:972a7aaeb7c4a2795b52eef52ee991ef040b31009f36deca6207a986607b55f3",
                "sha256:97b119c436bfa96a92ac2ca525f7025836d4d4e64b1c9f9eff8dbaf3ff1d86f3",
                "sha256:9ba37698e242223f8053cc158f130aee046a96feacbeab65893dbe94f5530118",
                "sha256:b1b0e1f626a0f079c0d3696db70132fb1f29aa87c66aecb6501a9b8be64ce9f7",
                "sha256:c14c1224fd1a5be2733530d648a316974dbbb3c946913562c6005a76f21ca042",
                "sha256:c79a8546c48ae6465189e54e3245a97ddf21161e33ff7eaa42787353417bb2b6",
                "sha256:ceb76935ac4ebdf6d7bc845482a4450b284c6ccfb281e34da51d510658ab34d8",
                "sha256:e22bffaad04b4d16e1c091baed7f2733fc1ebb91e0c602abf1b6834d17158b1f",
                "sha256:ec883b8e44d877bda6f94a36313a1c6063f8b1997aa091628ae2f34c7f97c8d5",
                "sha256:f1baa54d50ec031d1a9beb89974108f8f2c0706f49798f4777df879df0e1adb6",
                "sha256:f53a5385932cda1e2c862d89460992911a89768c65d176ff8c50cddca4d29bed"
            ],
            "index": "pypi",
            "version": "==6.2.0"
        },
        "ptyprocess": {
            "hashes": [
                "sha256:0530ce63a9295bfae7bd06edc02b6aa935619f486f0f1dc0972f516265ee81a6",
                "sha256:464cb76f7a7122743dd25507650db89cd447c51f38e4671602b3eaa2e38e05ae"
            ],
            "index": "pypi",
            "version": "==0.5.1"
        },
        "pyjwt": {
            "hashes": [
                "sha256:87a831b7a3bfa8351511961469ed0462a769724d4da48a501cb8c96d1e17f570",
                "sha256:99fe612dbe5f41e07124d9002c118c14f3ee703574ffa9779fee78135b8b94b6"
            ],
            "index": "pypi",
            "version": "==1.4.2"
        },
        "python-dateutil": {
            "hashes": [
                "sha256:3acbef017340600e9ff8f2994d8f7afd6eacb295383f286466a6df3961e486f0",
                "sha256:537bf2a8f8ce6f6862ad705cd68f9e405c0b5db014aa40fa29eab4335d4b1716",
                "sha256:62a2f8df3d66f878373fd0072eacf4ee52194ba302e00082828e0d263b0418d2"
            ],
            "index": "pypi",
            "version": "==2.6.0"
        },
        "python-openid": {
            "hashes": [
                "sha256:92c51c3ecec846cbec4aeff11f9ff47303d4a63f93b0e6ac0ec02a091fed70ef",
                "sha256:c2d133e47e0a7705c9272eef00d7a09c174f5bf17a127fed8e2c6499556cc782"
            ],
            "index": "pypi",
            "version": "==2.2.5"
        },
        "python-social-auth": {
            "hashes": [
                "sha256:854422799784e0ffb258a8e17cf5f5708d77fa6993b57bd5197e415ad055383f",
                "sha256:990868e5518b16e84361829700aef552185e056a82b2a6a6a9b037279643a112",
                "sha256:c4dd52bf3da4b9c9cfe2b79727d37a2ec6c34b50336fed54aec5811c134d0496"
            ],
            "index": "pypi",
            "version": "==0.2.21"
        },
        "python3-openid": {
            "hashes": [
                "sha256:915d9adcf77b7ae801e377c7732ab3208eaedc4fe99cb2b37f8155b076c6eb1e",
                "sha256:a89c86d10180ada1945e8aa8d92ab95d0a4f3059b7c872e520d661e6dd8076f4"
            ],
            "index": "pypi",
            "version": "==3.0.10"
        },
        "pyxdg": {
            "hashes": [
                "sha256:81e883e0b9517d624e8b0499eb267b82a815c0b7146d5269f364988ae031279d"
            ],
            "index": "pypi",
            "version": "==0.25"
        },
        "requests": {
            "hashes": [
                "sha256:545c4855cd9d7c12671444326337013766f4eea6068c3f0307fb2dc2696d580e",
                "sha256:5acf980358283faba0b897c73959cecf8b841205bb4b2ad3ef545f46eae1a133"
            ],
            "index": "pypi",
            "version": "==2.11.1"
        },
        "requests-oauthlib": {
            "hashes": [
                "sha256:198807c592b75438485c890f0403b1a8e363c86be1a87da687be18991a6850b0",
                "sha256:87e1c05c1b4b4220af0c7ff4e6572ff7fba8032166cb1a12d2e1acd4a5fdaf4f"
            ],
            "index": "pypi",
            "version": "==0.7.0"
        },
        "six": {
            "hashes": [
                "sha256:0ff78c403d9bccf5a425a6d31a12aa6b47f1c21ca4dc2573a7e2f32a97335eb1",
                "sha256:105f8d68616f8248e24bf0e9372ef04d3cc10104f1980f54d57b2ce73a5ad56a"
            ],
            "index": "pypi",
            "version": "==1.10.0"
        },
        "tweepy": {
            "hashes": [
                "sha256:12449b5ca16b0be6a3ea68fb41992627227b48bbad8cd7d5912039340d36badc",
                "sha256:f00ccf5f48c30d559ce0b750dfe3b2df6668dc799d8ce276fd90bfaa68845a58"
            ],
            "index": "pypi",
            "version": "==3.5.0"
        },
        "urllib3": {
            "hashes": [
                "sha256:d30dd4d1cbbc36ebab6e4a2076820cfe0c60f10adf087fecbc5a3edae79fdc81",
                "sha256:ed69856d262a6da3f201b1afed6d61b0c5a364fcc1d20d3f9ff461960c6626bf"
            ],
            "index": "pypi",
            "version": "==1.18"
        },
        "webencodings": {
            "hashes": [
                "sha256:a5c55ee93b24e740fe951c37b5c228dccc1f171450e188555a775261cce1b904"
            ],
            "index": "pypi",
            "version": "==0.5"
        }
    },
    "develop": {}
}
